
Microsoft Visual Studio Solution File, Format Version 12.00
# Visual Studio 2013
VisualStudioVersion = 12.0.40629.0
MinimumVisualStudioVersion = 10.0.40219.1
Project("{FAE04EC0-301F-11D3-BF4B-00C04F79EFBC}") = "Homework", "Homework\Homework.csproj", "{228D7B6F-7765-4B04-BADF-942E5CD987AE}"
EndProject
Project("{FAE04EC0-301F-11D3-BF4B-00C04F79EFBC}") = "HomeworkRest", "HomeworkRest\HomeworkRest.csproj", "{3FB89EB3-DC61-4F2C-9067-68675870F639}"
EndProject
Project("{FAE04EC0-301F-11D3-BF4B-00C04F79EFBC}") = "HomeworkRest.Tests", "HomeworkRest.Tests\HomeworkRest.Tests.csproj", "{4B9C2DC4-DC26-4839-8D9C-7E10A5C20F6F}"
EndProject
Global
	GlobalSection(SolutionConfigurationPlatforms) = preSolution
		Debug|Any CPU = Debug|Any CPU
		Release|Any CPU = Release|Any CPU
	EndGlobalSection
	GlobalSection(ProjectConfigurationPlatforms) = postSolution
		{228D7B6F-7765-4B04-BADF-942E5CD987AE}.Debug|Any CPU.ActiveCfg = Debug|Any CPU
		{228D7B6F-7765-4B04-BADF-942E5CD987AE}.Debug|Any CPU.Build.0 = Debug|Any CPU
		{228D7B6F-7765-4B04-BADF-942E5CD987AE}.Release|Any CPU.ActiveCfg = Release|Any CPU
		{228D7B6F-7765-4B04-BADF-942E5CD987AE}.Release|Any CPU.Build.0 = Release|Any CPU
		{C89DC4E9-2CFC-4B02-9D15-C1DD29D06B5C}.Debug|Any CPU.ActiveCfg = Debug|Any CPU
		{C89DC4E9-2CFC-4B02-9D15-C1DD29D06B5C}.Debug|Any CPU.Build.0 = Debug|Any CPU
		{C89DC4E9-2CFC-4B02-9D15-C1DD29D06B5C}.Release|Any CPU.ActiveCfg = Release|Any CPU
		{C89DC4E9-2CFC-4B02-9D15-C1DD29D06B5C}.Release|Any CPU.Build.0 = Release|Any CPU
		{3FB89EB3-DC61-4F2C-9067-68675870F639}.Debug|Any CPU.ActiveCfg = Debug|Any CPU
		{3FB89EB3-DC61-4F2C-9067-68675870F639}.Debug|Any CPU.Build.0 = Debug|Any CPU
		{3FB89EB3-DC61-4F2C-9067-68675870F639}.Release|Any CPU.ActiveCfg = Release|Any CPU
		{3FB89EB3-DC61-4F2C-9067-68675870F639}.Release|Any CPU.Build.0 = Release|Any CPU
		{4B9C2DC4-DC26-4839-8D9C-7E10A5C20F6F}.Debug|Any CPU.ActiveCfg = Debug|Any CPU
		{4B9C2DC4-DC26-4839-8D9C-7E10A5C20F6F}.Debug|Any CPU.Build.0 = Debug|Any CPU
		{4B9C2DC4-DC26-4839-8D9C-7E10A5C20F6F}.Release|Any CPU.ActiveCfg = Release|Any CPU
		{4B9C2DC4-DC26-4839-8D9C-7E10A5C20F6F}.Release|Any CPU.Build.0 = Release|Any CPU
	EndGlobalSection
	GlobalSection(SolutionProperties) = preSolution
		HideSolutionNode = FALSE
	EndGlobalSection
EndGlobal
